
Microsoft Visual Studio Solution File, Format Version 12.00
# Visual Studio Version 17
VisualStudioVersion = 17.4.33213.308
MinimumVisualStudioVersion = 10.0.40219.1
Project("{F184B08F-C81C-45F6-A57F-5ABD9991F28F}") = "Prova-20", "Prova-20.vbproj", "{C6E0F6F6-7A3C-494B-A36D-853765AC77D1}"
EndProject
Global
	GlobalSection(SolutionConfigurationPlatforms) = preSolution
		Debug|Any CPU = Debug|Any CPU
		Release|Any CPU = Release|Any CPU
	EndGlobalSection
	GlobalSection(ProjectConfigurationPlatforms) = postSolution
		{C6E0F6F6-7A3C-494B-A36D-853765AC77D1}.Debug|Any CPU.ActiveCfg = Debug|Any CPU
		{C6E0F6F6-7A3C-494B-A36D-853765AC77D1}.Debug|Any CPU.Build.0 = Debug|Any CPU
		{C6E0F6F6-7A3C-494B-A36D-853765AC77D1}.Release|Any CPU.ActiveCfg = Release|Any CPU
		{C6E0F6F6-7A3C-494B-A36D-853765AC77D1}.Release|Any CPU.Build.0 = Release|Any CPU
	EndGlobalSection
	GlobalSection(SolutionProperties) = preSolution
		HideSolutionNode = FALSE
	EndGlobalSection
	GlobalSection(ExtensibilityGlobals) = postSolution
		SolutionGuid = {06E3D6A6-7E24-4A06-AFB0-D95A315049D4}
	EndGlobalSection
EndGlobal
